
Microsoft Visual Studio Solution File, Format Version 12.00
# Visual Studio 15
VisualStudioVersion = 15.0.27130.2026
MinimumVisualStudioVersion = 10.0.40219.1
Project("{FAE04EC0-301F-11D3-BF4B-00C04F79EFBC}") = "ExtloadOdms", "ExtloadOdms\ExtloadOdms.csproj", "{8947DF9B-EB98-4B3C-8CED-B884F5D0CC6A}"
EndProject
Global
	GlobalSection(SolutionConfigurationPlatforms) = preSolution
		Debug|Any CPU = Debug|Any CPU
		Release|Any CPU = Release|Any CPU
	EndGlobalSection
	GlobalSection(ProjectConfigurationPlatforms) = postSolution
		{8947DF9B-EB98-4B3C-8CED-B884F5D0CC6A}.Debug|Any CPU.ActiveCfg = Debug|Any CPU
		{8947DF9B-EB98-4B3C-8CED-B884F5D0CC6A}.Debug|Any CPU.Build.0 = Debug|Any CPU
		{8947DF9B-EB98-4B3C-8CED-B884F5D0CC6A}.Release|Any CPU.ActiveCfg = Release|Any CPU
		{8947DF9B-EB98-4B3C-8CED-B884F5D0CC6A}.Release|Any CPU.Build.0 = Release|Any CPU
	EndGlobalSection
	GlobalSection(SolutionProperties) = preSolution
		HideSolutionNode = FALSE
	EndGlobalSection
	GlobalSection(ExtensibilityGlobals) = postSolution
		SolutionGuid = {4633D879-11BA-4D02-A47E-FD698FA57033}
	EndGlobalSection
EndGlobal
